// !$*UTF8*$!
{
	archiveVersion = 1;
	classes = {
	};
	objectVersion = 56;
	objects = {

/* Begin PBXBuildFile section */
		D31AE5892AD94FA80002226E /* AppDelegate.swift in Sources */ = {isa = PBXBuildFile; fileRef = D31AE5882AD94FA80002226E /* AppDelegate.swift */; };
		D31AE58B2AD94FA80002226E /* SceneDelegate.swift in Sources */ = {isa = PBXBuildFile; fileRef = D31AE58A2AD94FA80002226E /* SceneDelegate.swift */; };
		D31AE58D2AD94FA80002226E /* ViewController.swift in Sources */ = {isa = PBXBuildFile; fileRef = D31AE58C2AD94FA80002226E /* ViewController.swift */; };
		D31AE5902AD94FA80002226E /* Main.storyboard in Resources */ = {isa = PBXBuildFile; fileRef = D31AE58E2AD94FA80002226E /* Main.storyboard */; };
		D31AE5932AD94FA80002226E /* TravelGuide.xcdatamodeld in Sources */ = {isa = PBXBuildFile; fileRef = D31AE5912AD94FA80002226E /* TravelGuide.xcdatamodeld */; };
		D31AE5952AD94FA90002226E /* Assets.xcassets in Resources */ = {isa = PBXBuildFile; fileRef = D31AE5942AD94FA90002226E /* Assets.xcassets */; };
		D31AE5982AD94FA90002226E /* LaunchScreen.storyboard in Resources */ = {isa = PBXBuildFile; fileRef = D31AE5962AD94FA90002226E /* LaunchScreen.storyboard */; };
		D31D4F772ADD32D40016FDFF /* EnjoyView.swift in Sources */ = {isa = PBXBuildFile; fileRef = D31D4F762ADD32D40016FDFF /* EnjoyView.swift */; };
		D31D4F792ADD8A540016FDFF /* TravelViewController.swift in Sources */ = {isa = PBXBuildFile; fileRef = D31D4F782ADD8A540016FDFF /* TravelViewController.swift */; };
		D34AACD12AE0270A008BE69C /* TarihiCell.swift in Sources */ = {isa = PBXBuildFile; fileRef = D34AACD02AE0270A008BE69C /* TarihiCell.swift */; };
		D34AACD32AE0272B008BE69C /* plajCell.swift in Sources */ = {isa = PBXBuildFile; fileRef = D34AACD22AE0272B008BE69C /* plajCell.swift */; };
		D34AACD52AE0273F008BE69C /* muzeCell.swift in Sources */ = {isa = PBXBuildFile; fileRef = D34AACD42AE0273F008BE69C /* muzeCell.swift */; };
		D34AACD72AE0274B008BE69C /* ParkCell.swift in Sources */ = {isa = PBXBuildFile; fileRef = D34AACD62AE0274B008BE69C /* ParkCell.swift */; };
		D34AACDB2AE02E4A008BE69C /* pubCell.swift in Sources */ = {isa = PBXBuildFile; fileRef = D34AACDA2AE02E4A008BE69C /* pubCell.swift */; };
		D34AACDD2AE02E5A008BE69C /* kulupCell.swift in Sources */ = {isa = PBXBuildFile; fileRef = D34AACDC2AE02E5A008BE69C /* kulupCell.swift */; };
		D37056442AE146A1009F3769 /* TarihiViewController.swift in Sources */ = {isa = PBXBuildFile; fileRef = D37056432AE146A1009F3769 /* TarihiViewController.swift */; };
		D37056462AE14713009F3769 /* MuzeViewController.swift in Sources */ = {isa = PBXBuildFile; fileRef = D37056452AE14713009F3769 /* MuzeViewController.swift */; };
		D37056482AE1472C009F3769 /* PlajViewController.swift in Sources */ = {isa = PBXBuildFile; fileRef = D37056472AE1472C009F3769 /* PlajViewController.swift */; };
		D370564A2AE1473D009F3769 /* ParkViewController.swift in Sources */ = {isa = PBXBuildFile; fileRef = D37056492AE1473D009F3769 /* ParkViewController.swift */; };
		D370564C2AE14753009F3769 /* PubViewController.swift in Sources */ = {isa = PBXBuildFile; fileRef = D370564B2AE14753009F3769 /* PubViewController.swift */; };
		D370564E2AE1475B009F3769 /* KulupViewController.swift in Sources */ = {isa = PBXBuildFile; fileRef = D370564D2AE1475B009F3769 /* KulupViewController.swift */; };
		D37056522AE284B9009F3769 /* tarihibilgiler.swift in Sources */ = {isa = PBXBuildFile; fileRef = D37056512AE284B9009F3769 /* tarihibilgiler.swift */; };
		D37056542AE284CA009F3769 /* muzeBilgiler.swift in Sources */ = {isa = PBXBuildFile; fileRef = D37056532AE284CA009F3769 /* muzeBilgiler.swift */; };
		D37056562AE284D5009F3769 /* plajBilgiler.swift in Sources */ = {isa = PBXBuildFile; fileRef = D37056552AE284D5009F3769 /* plajBilgiler.swift */; };
		D37056592AE284E7009F3769 /* parkBilgiler.swift in Sources */ = {isa = PBXBuildFile; fileRef = D37056582AE284E7009F3769 /* parkBilgiler.swift */; };
		D370565B2AE28504009F3769 /* pubBilgiler.swift in Sources */ = {isa = PBXBuildFile; fileRef = D370565A2AE28504009F3769 /* pubBilgiler.swift */; };
		D370565D2AE2850D009F3769 /* kulupBilgiler.swift in Sources */ = {isa = PBXBuildFile; fileRef = D370565C2AE2850D009F3769 /* kulupBilgiler.swift */; };
/* End PBXBuildFile section */

/* Begin PBXFileReference section */
		D31AE5852AD94FA80002226E /* TravelGuide.app */ = {isa = PBXFileReference; explicitFileType = wrapper.application; includeInIndex = 0; path = TravelGuide.app; sourceTree = BUILT_PRODUCTS_DIR; };
		D31AE5882AD94FA80002226E /* AppDelegate.swift */ = {isa = PBXFileReference; lastKnownFileType = sourcecode.swift; path = AppDelegate.swift; sourceTree = "<group>"; };
		D31AE58A2AD94FA80002226E /* SceneDelegate.swift */ = {isa = PBXFileReference; lastKnownFileType = sourcecode.swift; path = SceneDelegate.swift; sourceTree = "<group>"; };
		D31AE58C2AD94FA80002226E /* ViewController.swift */ = {isa = PBXFileReference; lastKnownFileType = sourcecode.swift; path = ViewController.swift; sourceTree = "<group>"; };
		D31AE58F2AD94FA80002226E /* Base */ = {isa = PBXFileReference; lastKnownFileType = file.storyboard; name = Base; path = Base.lproj/Main.storyboard; sourceTree = "<group>"; };
		D31AE5922AD94FA80002226E /* TravelGuide.xcdatamodel */ = {isa = PBXFileReference; lastKnownFileType = wrapper.xcdatamodel; path = TravelGuide.xcdatamodel; sourceTree = "<group>"; };
		D31AE5942AD94FA90002226E /* Assets.xcassets */ = {isa = PBXFileReference; lastKnownFileType = folder.assetcatalog; path = Assets.xcassets; sourceTree = "<group>"; };
		D31AE5972AD94FA90002226E /* Base */ = {isa = PBXFileReference; lastKnownFileType = file.storyboard; name = Base; path = Base.lproj/LaunchScreen.storyboard; sourceTree = "<group>"; };
		D31AE5992AD94FA90002226E /* Info.plist */ = {isa = PBXFileReference; lastKnownFileType = text.plist.xml; path = Info.plist; sourceTree = "<group>"; };
		D31D4F762ADD32D40016FDFF /* EnjoyView.swift */ = {isa = PBXFileReference; lastKnownFileType = sourcecode.swift; path = EnjoyView.swift; sourceTree = "<group>"; };
		D31D4F782ADD8A540016FDFF /* TravelViewController.swift */ = {isa = PBXFileReference; lastKnownFileType = sourcecode.swift; path = TravelViewController.swift; sourceTree = "<group>"; };
		D34AACD02AE0270A008BE69C /* TarihiCell.swift */ = {isa = PBXFileReference; lastKnownFileType = sourcecode.swift; path = TarihiCell.swift; sourceTree = "<group>"; };
		D34AACD22AE0272B008BE69C /* plajCell.swift */ = {isa = PBXFileReference; lastKnownFileType = sourcecode.swift; path = plajCell.swift; sourceTree = "<group>"; };
		D34AACD42AE0273F008BE69C /* muzeCell.swift */ = {isa = PBXFileReference; lastKnownFileType = sourcecode.swift; path = muzeCell.swift; sourceTree = "<group>"; };
		D34AACD62AE0274B008BE69C /* ParkCell.swift */ = {isa = PBXFileReference; lastKnownFileType = sourcecode.swift; path = ParkCell.swift; sourceTree = "<group>"; };
		D34AACDA2AE02E4A008BE69C /* pubCell.swift */ = {isa = PBXFileReference; lastKnownFileType = sourcecode.swift; path = pubCell.swift; sourceTree = "<group>"; };
		D34AACDC2AE02E5A008BE69C /* kulupCell.swift */ = {isa = PBXFileReference; lastKnownFileType = sourcecode.swift; path = kulupCell.swift; sourceTree = "<group>"; };
		D37056432AE146A1009F3769 /* TarihiViewController.swift */ = {isa = PBXFileReference; lastKnownFileType = sourcecode.swift; path = TarihiViewController.swift; sourceTree = "<group>"; };
		D37056452AE14713009F3769 /* MuzeViewController.swift */ = {isa = PBXFileReference; lastKnownFileType = sourcecode.swift; path = MuzeViewController.swift; sourceTree = "<group>"; };
		D37056472AE1472C009F3769 /* PlajViewController.swift */ = {isa = PBXFileReference; lastKnownFileType = sourcecode.swift; path = PlajViewController.swift; sourceTree = "<group>"; };
		D37056492AE1473D009F3769 /* ParkViewController.swift */ = {isa = PBXFileReference; lastKnownFileType = sourcecode.swift; path = ParkViewController.swift; sourceTree = "<group>"; };
		D370564B2AE14753009F3769 /* PubViewController.swift */ = {isa = PBXFileReference; lastKnownFileType = sourcecode.swift; path = PubViewController.swift; sourceTree = "<group>"; };
		D370564D2AE1475B009F3769 /* KulupViewController.swift */ = {isa = PBXFileReference; lastKnownFileType = sourcecode.swift; path = KulupViewController.swift; sourceTree = "<group>"; };
		D37056512AE284B9009F3769 /* tarihibilgiler.swift */ = {isa = PBXFileReference; lastKnownFileType = sourcecode.swift; path = tarihibilgiler.swift; sourceTree = "<group>"; };
		D37056532AE284CA009F3769 /* muzeBilgiler.swift */ = {isa = PBXFileReference; lastKnownFileType = sourcecode.swift; path = muzeBilgiler.swift; sourceTree = "<group>"; };
		D37056552AE284D5009F3769 /* plajBilgiler.swift */ = {isa = PBXFileReference; lastKnownFileType = sourcecode.swift; path = plajBilgiler.swift; sourceTree = "<group>"; };
		D37056582AE284E7009F3769 /* parkBilgiler.swift */ = {isa = PBXFileReference; lastKnownFileType = sourcecode.swift; path = parkBilgiler.swift; sourceTree = "<group>"; };
		D370565A2AE28504009F3769 /* pubBilgiler.swift */ = {isa = PBXFileReference; lastKnownFileType = sourcecode.swift; path = pubBilgiler.swift; sourceTree = "<group>"; };
		D370565C2AE2850D009F3769 /* kulupBilgiler.swift */ = {isa = PBXFileReference; lastKnownFileType = sourcecode.swift; path = kulupBilgiler.swift; sourceTree = "<group>"; };
/* End PBXFileReference section */

/* Begin PBXFrameworksBuildPhase section */
		D31AE5822AD94FA80002226E /* Frameworks */ = {
			isa = PBXFrameworksBuildPhase;
			buildActionMask = 2147483647;
			files = (
			);
			runOnlyForDeploymentPostprocessing = 0;
		};
/* End PBXFrameworksBuildPhase section */

/* Begin PBXGroup section */
		D31AE57C2AD94FA80002226E = {
			isa = PBXGroup;
			children = (
				D31AE5872AD94FA80002226E /* TravelGuide */,
				D31AE5862AD94FA80002226E /* Products */,
			);
			sourceTree = "<group>";
		};
		D31AE5862AD94FA80002226E /* Products */ = {
			isa = PBXGroup;
			children = (
				D31AE5852AD94FA80002226E /* TravelGuide.app */,
			);
			name = Products;
			sourceTree = "<group>";
		};
		D31AE5872AD94FA80002226E /* TravelGuide */ = {
			isa = PBXGroup;
			children = (
				D31AE5882AD94FA80002226E /* AppDelegate.swift */,
				D34AACCF2AE026DC008BE69C /* cell */,
				D34AACD82AE02999008BE69C /* View */,
				D31AE58A2AD94FA80002226E /* SceneDelegate.swift */,
				D370564F2AE28463009F3769 /* Data  */,
				D31AE58E2AD94FA80002226E /* Main.storyboard */,
				D31AE5942AD94FA90002226E /* Assets.xcassets */,
				D31AE5962AD94FA90002226E /* LaunchScreen.storyboard */,
				D31AE5992AD94FA90002226E /* Info.plist */,
				D31AE5912AD94FA80002226E /* TravelGuide.xcdatamodeld */,
			);
			path = TravelGuide;
			sourceTree = "<group>";
		};
		D34AACCF2AE026DC008BE69C /* cell */ = {
			isa = PBXGroup;
			children = (
				D34AACD02AE0270A008BE69C /* TarihiCell.swift */,
				D34AACD22AE0272B008BE69C /* plajCell.swift */,
				D34AACD42AE0273F008BE69C /* muzeCell.swift */,
				D34AACD62AE0274B008BE69C /* ParkCell.swift */,
				D34AACD92AE02E2E008BE69C /* cell2 */,
			);
			path = cell;
			sourceTree = "<group>";
		};
		D34AACD82AE02999008BE69C /* View */ = {
			isa = PBXGroup;
			children = (
				D31D4F782ADD8A540016FDFF /* TravelViewController.swift */,
				D31AE58C2AD94FA80002226E /* ViewController.swift */,
				D31D4F762ADD32D40016FDFF /* EnjoyView.swift */,
				D37056432AE146A1009F3769 /* TarihiViewController.swift */,
				D37056452AE14713009F3769 /* MuzeViewController.swift */,
				D37056472AE1472C009F3769 /* PlajViewController.swift */,
				D37056492AE1473D009F3769 /* ParkViewController.swift */,
				D370564B2AE14753009F3769 /* PubViewController.swift */,
				D370564D2AE1475B009F3769 /* KulupViewController.swift */,
			);
			path = View;
			sourceTree = "<group>";
		};
		D34AACD92AE02E2E008BE69C /* cell2 */ = {
			isa = PBXGroup;
			children = (
				D34AACDA2AE02E4A008BE69C /* pubCell.swift */,
				D34AACDC2AE02E5A008BE69C /* kulupCell.swift */,
			);
			path = cell2;
			sourceTree = "<group>";
		};
		D370564F2AE28463009F3769 /* Data  */ = {
			isa = PBXGroup;
			children = (
				D37056502AE2846F009F3769 /* Entitiy */,
			);
			path = "Data ";
			sourceTree = "<group>";
		};
		D37056502AE2846F009F3769 /* Entitiy */ = {
			isa = PBXGroup;
			children = (
				D37056512AE284B9009F3769 /* tarihibilgiler.swift */,
				D37056532AE284CA009F3769 /* muzeBilgiler.swift */,
				D37056552AE284D5009F3769 /* plajBilgiler.swift */,
				D37056582AE284E7009F3769 /* parkBilgiler.swift */,
				D370565A2AE28504009F3769 /* pubBilgiler.swift */,
				D370565C2AE2850D009F3769 /* kulupBilgiler.swift */,
			);
			path = Entitiy;
			sourceTree = "<group>";
		};
/* End PBXGroup section */

/* Begin PBXNativeTarget section */
		D31AE5842AD94FA80002226E /* TravelGuide */ = {
			isa = PBXNativeTarget;
			buildConfigurationList = D31AE59C2AD94FA90002226E /* Build configuration list for PBXNativeTarget "TravelGuide" */;
			buildPhases = (
				D31AE5812AD94FA80002226E /* Sources */,
				D31AE5822AD94FA80002226E /* Frameworks */,
				D31AE5832AD94FA80002226E /* Resources */,
			);
			buildRules = (
			);
			dependencies = (
			);
			name = TravelGuide;
			productName = TravelGuide;
			productReference = D31AE5852AD94FA80002226E /* TravelGuide.app */;
			productType = "com.apple.product-type.application";
		};
/* End PBXNativeTarget section */

/* Begin PBXProject section */
		D31AE57D2AD94FA80002226E /* Project object */ = {
			isa = PBXProject;
			attributes = {
				BuildIndependentTargetsInParallel = 1;
				LastSwiftUpdateCheck = 1500;
				LastUpgradeCheck = 1500;
				TargetAttributes = {
					D31AE5842AD94FA80002226E = {
						CreatedOnToolsVersion = 15.0;
					};
				};
			};
			buildConfigurationList = D31AE5802AD94FA80002226E /* Build configuration list for PBXProject "TravelGuide" */;
			compatibilityVersion = "Xcode 14.0";
			developmentRegion = en;
			hasScannedForEncodings = 0;
			knownRegions = (
				en,
				Base,
			);
			mainGroup = D31AE57C2AD94FA80002226E;
			productRefGroup = D31AE5862AD94FA80002226E /* Products */;
			projectDirPath = "";
			projectRoot = "";
			targets = (
				D31AE5842AD94FA80002226E /* TravelGuide */,
			);
		};
/* End PBXProject section */

/* Begin PBXResourcesBuildPhase section */
		D31AE5832AD94FA80002226E /* Resources */ = {
			isa = PBXResourcesBuildPhase;
			buildActionMask = 2147483647;
			files = (
				D31AE5982AD94FA90002226E /* LaunchScreen.storyboard in Resources */,
				D31AE5952AD94FA90002226E /* Assets.xcassets in Resources */,
				D31AE5902AD94FA80002226E /* Main.storyboard in Resources */,
			);
			runOnlyForDeploymentPostprocessing = 0;
		};
/* End PBXResourcesBuildPhase section */

/* Begin PBXSourcesBuildPhase section */
		D31AE5812AD94FA80002226E /* Sources */ = {
			isa = PBXSourcesBuildPhase;
			buildActionMask = 2147483647;
			files = (
				D370564A2AE1473D009F3769 /* ParkViewController.swift in Sources */,
				D34AACD32AE0272B008BE69C /* plajCell.swift in Sources */,
				D37056442AE146A1009F3769 /* TarihiViewController.swift in Sources */,
				D31AE5932AD94FA80002226E /* TravelGuide.xcdatamodeld in Sources */,
				D37056462AE14713009F3769 /* MuzeViewController.swift in Sources */,
				D31D4F792ADD8A540016FDFF /* TravelViewController.swift in Sources */,
				D370564E2AE1475B009F3769 /* KulupViewController.swift in Sources */,
				D37056562AE284D5009F3769 /* plajBilgiler.swift in Sources */,
				D34AACDD2AE02E5A008BE69C /* kulupCell.swift in Sources */,
				D370565D2AE2850D009F3769 /* kulupBilgiler.swift in Sources */,
				D31D4F772ADD32D40016FDFF /* EnjoyView.swift in Sources */,
				D37056482AE1472C009F3769 /* PlajViewController.swift in Sources */,
				D31AE58D2AD94FA80002226E /* ViewController.swift in Sources */,
				D34AACDB2AE02E4A008BE69C /* pubCell.swift in Sources */,
				D37056592AE284E7009F3769 /* parkBilgiler.swift in Sources */,
				D37056542AE284CA009F3769 /* muzeBilgiler.swift in Sources */,
				D34AACD12AE0270A008BE69C /* TarihiCell.swift in Sources */,
				D34AACD52AE0273F008BE69C /* muzeCell.swift in Sources */,
				D34AACD72AE0274B008BE69C /* ParkCell.swift in Sources */,
				D370564C2AE14753009F3769 /* PubViewController.swift in Sources */,
				D37056522AE284B9009F3769 /* tarihibilgiler.swift in Sources */,
				D370565B2AE28504009F3769 /* pubBilgiler.swift in Sources */,
				D31AE5892AD94FA80002226E /* AppDelegate.swift in Sources */,
				D31AE58B2AD94FA80002226E /* SceneDelegate.swift in Sources */,
			);
			runOnlyForDeploymentPostprocessing = 0;
		};
/* End PBXSourcesBuildPhase section */

/* Begin PBXVariantGroup section */
		D31AE58E2AD94FA80002226E /* Main.storyboard */ = {
			isa = PBXVariantGroup;
			children = (
				D31AE58F2AD94FA80002226E /* Base */,
			);
			name = Main.storyboard;
			sourceTree = "<group>";
		};
		D31AE5962AD94FA90002226E /* LaunchScreen.storyboard */ = {
			isa = PBXVariantGroup;
			children = (
				D31AE5972AD94FA90002226E /* Base */,
			);
			name = LaunchScreen.storyboard;
			sourceTree = "<group>";
		};
/* End PBXVariantGroup section */

/* Begin XCBuildConfiguration section */
		D31AE59A2AD94FA90002226E /* Debug */ = {
			isa = XCBuildConfiguration;
			buildSettings = {
				ALWAYS_SEARCH_USER_PATHS = NO;
				ASSETCATALOG_COMPILER_GENERATE_SWIFT_ASSET_SYMBOL_EXTENSIONS = YES;
				CLANG_ANALYZER_NONNULL = YES;
				CLANG_ANALYZER_NUMBER_OBJECT_CONVERSION = YES_AGGRESSIVE;
				CLANG_CXX_LANGUAGE_STANDARD = "gnu++20";
				CLANG_ENABLE_MODULES = YES;
				CLANG_ENABLE_OBJC_ARC = YES;
				CLANG_ENABLE_OBJC_WEAK = YES;
				CLANG_WARN_BLOCK_CAPTURE_AUTORELEASING = YES;
				CLANG_WARN_BOOL_CONVERSION = YES;
				CLANG_WARN_COMMA = YES;
				CLANG_WARN_CONSTANT_CONVERSION = YES;
				CLANG_WARN_DEPRECATED_OBJC_IMPLEMENTATIONS = YES;
				CLANG_WARN_DIRECT_OBJC_ISA_USAGE = YES_ERROR;
				CLANG_WARN_DOCUMENTATION_COMMENTS = YES;
				CLANG_WARN_EMPTY_BODY = YES;
				CLANG_WARN_ENUM_CONVERSION = YES;
				CLANG_WARN_INFINITE_RECURSION = YES;
				CLANG_WARN_INT_CONVERSION = YES;
				CLANG_WARN_NON_LITERAL_NULL_CONVERSION = YES;
				CLANG_WARN_OBJC_IMPLICIT_RETAIN_SELF = YES;
				CLANG_WARN_OBJC_LITERAL_CONVERSION = YES;
				CLANG_WARN_OBJC_ROOT_CLASS = YES_ERROR;
				CLANG_WARN_QUOTED_INCLUDE_IN_FRAMEWORK_HEADER = YES;
				CLANG_WARN_RANGE_LOOP_ANALYSIS = YES;
				CLANG_WARN_STRICT_PROTOTYPES = YES;
				CLANG_WARN_SUSPICIOUS_MOVE = YES;
				CLANG_WARN_UNGUARDED_AVAILABILITY = YES_AGGRESSIVE;
				CLANG_WARN_UNREACHABLE_CODE = YES;
				CLANG_WARN__DUPLICATE_METHOD_MATCH = YES;
				COPY_PHASE_STRIP = NO;
				DEBUG_INFORMATION_FORMAT = dwarf;
				ENABLE_STRICT_OBJC_MSGSEND = YES;
				ENABLE_TESTABILITY = YES;
				ENABLE_USER_SCRIPT_SANDBOXING = YES;
				GCC_C_LANGUAGE_STANDARD = gnu17;
				GCC_DYNAMIC_NO_PIC = NO;
				GCC_NO_COMMON_BLOCKS = YES;
				GCC_OPTIMIZATION_LEVEL = 0;
				GCC_PREPROCESSOR_DEFINITIONS = (
					"DEBUG=1",
					"$(inherited)",
				);
				GCC_WARN_64_TO_32_BIT_CONVERSION = YES;
				GCC_WARN_ABOUT_RETURN_TYPE = YES_ERROR;
				GCC_WARN_UNDECLARED_SELECTOR = YES;
				GCC_WARN_UNINITIALIZED_AUTOS = YES_AGGRESSIVE;
				GCC_WARN_UNUSED_FUNCTION = YES;
				GCC_WARN_UNUSED_VARIABLE = YES;
				IPHONEOS_DEPLOYMENT_TARGET = 17.0;
				LOCALIZATION_PREFERS_STRING_CATALOGS = YES;
				MTL_ENABLE_DEBUG_INFO = INCLUDE_SOURCE;
				MTL_FAST_MATH = YES;
				ONLY_ACTIVE_ARCH = YES;
				SDKROOT = iphoneos;
				SWIFT_ACTIVE_COMPILATION_CONDITIONS = "DEBUG $(inherited)";
				SWIFT_OPTIMIZATION_LEVEL = "-Onone";
			};
			name = Debug;
		};
		D31AE59B2AD94FA90002226E /* Release */ = {
			isa = XCBuildConfiguration;
			buildSettings = {
				ALWAYS_SEARCH_USER_PATHS = NO;
				ASSETCATALOG_COMPILER_GENERATE_SWIFT_ASSET_SYMBOL_EXTENSIONS = YES;
				CLANG_ANALYZER_NONNULL = YES;
				CLANG_ANALYZER_NUMBER_OBJECT_CONVERSION = YES_AGGRESSIVE;
				CLANG_CXX_LANGUAGE_STANDARD = "gnu++20";
				CLANG_ENABLE_MODULES = YES;
				CLANG_ENABLE_OBJC_ARC = YES;
				CLANG_ENABLE_OBJC_WEAK = YES;
				CLANG_WARN_BLOCK_CAPTURE_AUTORELEASING = YES;
				CLANG_WARN_BOOL_CONVERSION = YES;
				CLANG_WARN_COMMA = YES;
				CLANG_WARN_CONSTANT_CONVERSION = YES;
				CLANG_WARN_DEPRECATED_OBJC_IMPLEMENTATIONS = YES;
				CLANG_WARN_DIRECT_OBJC_ISA_USAGE = YES_ERROR;
				CLANG_WARN_DOCUMENTATION_COMMENTS = YES;
				CLANG_WARN_EMPTY_BODY = YES;
				CLANG_WARN_ENUM_CONVERSION = YES;
				CLANG_WARN_INFINITE_RECURSION = YES;
				CLANG_WARN_INT_CONVERSION = YES;
				CLANG_WARN_NON_LITERAL_NULL_CONVERSION = YES;
				CLANG_WARN_OBJC_IMPLICIT_RETAIN_SELF = YES;
				CLANG_WARN_OBJC_LITERAL_CONVERSION = YES;
				CLANG_WARN_OBJC_ROOT_CLASS = YES_ERROR;
				CLANG_WARN_QUOTED_INCLUDE_IN_FRAMEWORK_HEADER = YES;
				CLANG_WARN_RANGE_LOOP_ANALYSIS = YES;
				CLANG_WARN_STRICT_PROTOTYPES = YES;
				CLANG_WARN_SUSPICIOUS_MOVE = YES;
				CLANG_WARN_UNGUARDED_AVAILABILITY = YES_AGGRESSIVE;
				CLANG_WARN_UNREACHABLE_CODE = YES;
				CLANG_WARN__DUPLICATE_METHOD_MATCH = YES;
				COPY_PHASE_STRIP = NO;
				DEBUG_INFORMATION_FORMAT = "dwarf-with-dsym";
				ENABLE_NS_ASSERTIONS = NO;
				ENABLE_STRICT_OBJC_MSGSEND = YES;
				ENABLE_USER_SCRIPT_SANDBOXING = YES;
				GCC_C_LANGUAGE_STANDARD = gnu17;
				GCC_NO_COMMON_BLOCKS = YES;
				GCC_WARN_64_TO_32_BIT_CONVERSION = YES;
				GCC_WARN_ABOUT_RETURN_TYPE = YES_ERROR;
				GCC_WARN_UNDECLARED_SELECTOR = YES;
				GCC_WARN_UNINITIALIZED_AUTOS = YES_AGGRESSIVE;
				GCC_WARN_UNUSED_FUNCTION = YES;
				GCC_WARN_UNUSED_VARIABLE = YES;
				IPHONEOS_DEPLOYMENT_TARGET = 17.0;
				LOCALIZATION_PREFERS_STRING_CATALOGS = YES;
				MTL_ENABLE_DEBUG_INFO = NO;
				MTL_FAST_MATH = YES;
				SDKROOT = iphoneos;
				SWIFT_COMPILATION_MODE = wholemodule;
				VALIDATE_PRODUCT = YES;
			};
			name = Release;
		};
		D31AE59D2AD94FA90002226E /* Debug */ = {
			isa = XCBuildConfiguration;
			buildSettings = {
				ASSETCATALOG_COMPILER_APPICON_NAME = AppIcon;
				ASSETCATALOG_COMPILER_GLOBAL_ACCENT_COLOR_NAME = AccentColor;
				CODE_SIGN_STYLE = Automatic;
				CURRENT_PROJECT_VERSION = 1;
				DEVELOPMENT_TEAM = YTY3A3KFQB;
				GENERATE_INFOPLIST_FILE = YES;
				INFOPLIST_FILE = TravelGuide/Info.plist;
				INFOPLIST_KEY_UIApplicationSupportsIndirectInputEvents = YES;
				INFOPLIST_KEY_UILaunchStoryboardName = LaunchScreen;
				INFOPLIST_KEY_UIMainStoryboardFile = Main;
				INFOPLIST_KEY_UISupportedInterfaceOrientations_iPad = "UIInterfaceOrientationPortrait UIInterfaceOrientationPortraitUpsideDown UIInterfaceOrientationLandscapeLeft UIInterfaceOrientationLandscapeRight";
				INFOPLIST_KEY_UISupportedInterfaceOrientations_iPhone = "UIInterfaceOrientationPortrait UIInterfaceOrientationLandscapeLeft UIInterfaceOrientationLandscapeRight";
				LD_RUNPATH_SEARCH_PATHS = (
					"$(inherited)",
					"@executable_path/Frameworks",
				);
				MARKETING_VERSION = 1.0;
				PRODUCT_BUNDLE_IDENTIFIER = com.alimgonul.TravelGuide;
				PRODUCT_NAME = "$(TARGET_NAME)";
				SWIFT_EMIT_LOC_STRINGS = YES;
				SWIFT_VERSION = 5.0;
				TARGETED_DEVICE_FAMILY = "1,2";
			};
			name = Debug;
		};
		D31AE59E2AD94FA90002226E /* Release */ = {
			isa = XCBuildConfiguration;
			buildSettings = {
				ASSETCATALOG_COMPILER_APPICON_NAME = AppIcon;
				ASSETCATALOG_COMPILER_GLOBAL_ACCENT_COLOR_NAME = AccentColor;
				CODE_SIGN_STYLE = Automatic;
				CURRENT_PROJECT_VERSION = 1;
				DEVELOPMENT_TEAM = YTY3A3KFQB;
				GENERATE_INFOPLIST_FILE = YES;
				INFOPLIST_FILE = TravelGuide/Info.plist;
				INFOPLIST_KEY_UIApplicationSupportsIndirectInputEvents = YES;
				INFOPLIST_KEY_UILaunchStoryboardName = LaunchScreen;
				INFOPLIST_KEY_UIMainStoryboardFile = Main;
				INFOPLIST_KEY_UISupportedInterfaceOrientations_iPad = "UIInterfaceOrientationPortrait UIInterfaceOrientationPortraitUpsideDown UIInterfaceOrientationLandscapeLeft UIInterfaceOrientationLandscapeRight";
				INFOPLIST_KEY_UISupportedInterfaceOrientations_iPhone = "UIInterfaceOrientationPortrait UIInterfaceOrientationLandscapeLeft UIInterfaceOrientationLandscapeRight";
				LD_RUNPATH_SEARCH_PATHS = (
					"$(inherited)",
					"@executable_path/Frameworks",
				);
				MARKETING_VERSION = 1.0;
				PRODUCT_BUNDLE_IDENTIFIER = com.alimgonul.TravelGuide;
				PRODUCT_NAME = "$(TARGET_NAME)";
				SWIFT_EMIT_LOC_STRINGS = YES;
				SWIFT_VERSION = 5.0;
				TARGETED_DEVICE_FAMILY = "1,2";
			};
			name = Release;
		};
/* End XCBuildConfiguration section */

/* Begin XCConfigurationList section */
		D31AE5802AD94FA80002226E /* Build configuration list for PBXProject "TravelGuide" */ = {
			isa = XCConfigurationList;
			buildConfigurations = (
				D31AE59A2AD94FA90002226E /* Debug */,
				D31AE59B2AD94FA90002226E /* Release */,
			);
			defaultConfigurationIsVisible = 0;
			defaultConfigurationName = Release;
		};
		D31AE59C2AD94FA90002226E /* Build configuration list for PBXNativeTarget "TravelGuide" */ = {
			isa = XCConfigurationList;
			buildConfigurations = (
				D31AE59D2AD94FA90002226E /* Debug */,
				D31AE59E2AD94FA90002226E /* Release */,
			);
			defaultConfigurationIsVisible = 0;
			defaultConfigurationName = Release;
		};
/* End XCConfigurationList section */

/* Begin XCVersionGroup section */
		D31AE5912AD94FA80002226E /* TravelGuide.xcdatamodeld */ = {
			isa = XCVersionGroup;
			children = (
				D31AE5922AD94FA80002226E /* TravelGuide.xcdatamodel */,
			);
			currentVersion = D31AE5922AD94FA80002226E /* TravelGuide.xcdatamodel */;
			path = TravelGuide.xcdatamodeld;
			sourceTree = "<group>";
			versionGroupType = wrapper.xcdatamodel;
		};
/* End XCVersionGroup section */
	};
	rootObject = D31AE57D2AD94FA80002226E /* Project object */;
}
